
Microsoft Visual Studio Solution File, Format Version 12.00
# Visual Studio Version 17
VisualStudioVersion = 17.8.34525.116
MinimumVisualStudioVersion = 10.0.40219.1
Project("{FAE04EC0-301F-11D3-BF4B-00C04F79EFBC}") = "ScannerPortCsharp", "ScannerPortCsharp\ScannerPortCsharp.csproj", "{FA4BE829-C2DF-486F-BBE2-A84D70D7C6E7}"
EndProject
Global
	GlobalSection(SolutionConfigurationPlatforms) = preSolution
		Debug|Any CPU = Debug|Any CPU
		Release|Any CPU = Release|Any CPU
	EndGlobalSection
	GlobalSection(ProjectConfigurationPlatforms) = postSolution
		{FA4BE829-C2DF-486F-BBE2-A84D70D7C6E7}.Debug|Any CPU.ActiveCfg = Debug|Any CPU
		{FA4BE829-C2DF-486F-BBE2-A84D70D7C6E7}.Debug|Any CPU.Build.0 = Debug|Any CPU
		{FA4BE829-C2DF-486F-BBE2-A84D70D7C6E7}.Release|Any CPU.ActiveCfg = Release|Any CPU
		{FA4BE829-C2DF-486F-BBE2-A84D70D7C6E7}.Release|Any CPU.Build.0 = Release|Any CPU
	EndGlobalSection
	GlobalSection(SolutionProperties) = preSolution
		HideSolutionNode = FALSE
	EndGlobalSection
	GlobalSection(ExtensibilityGlobals) = postSolution
		SolutionGuid = {C5804F1D-DD07-4CF6-8FEE-821D14F4B92B}
	EndGlobalSection
EndGlobal
